{"format_version":"1.2","terraform_version":"1.14.0","variables":{"az":{"value":"us-east-1a"},"region":{"value":"us-east-1"}},"planned_values":{"root_module":{"resources":[{"address":"aws_ebs_volume.unencrypted","mode":"managed","type":"aws_ebs_volume","name":"unencrypted","provider_name":"registry.terraform.io/hashicorp/aws","schema_version":0,"values":{"availability_zone":"us-east-1a","encrypted":false,"final_snapshot":false,"multi_attach_enabled":null,"outpost_arn":null,"size":8,"tags":null,"timeouts":null},"sensitive_values":{"tags_all":{}}},{"address":"aws_iam_policy.wildcard_policy","mode":"managed","type":"aws_iam_policy","name":"wildcard_policy","provider_name":"registry.terraform.io/hashicorp/aws","schema_version":0,"values":{"description":"Example IAM policy with wildcard","name":"my-wildcard-policy","path":"/","policy":"{\"Statement\":[{\"Action\":\"*\",\"Effect\":\"Allow\",\"Resource\":\"*\"}],\"Version\":\"2012-10-17\"}","tags":null},"sensitive_values":{"tags_all":{}}},{"address":"aws_s3_bucket.good_bucket","mode":"managed","type":"aws_s3_bucket","name":"good_bucket","provider_name":"registry.terraform.io/hashicorp/aws","schema_version":0,"values":{"acl":"private","bucket":"my-good-bucket-example","force_destroy":false,"tags":null,"timeouts":null},"sensitive_values":{"cors_rule":[],"grant":[],"lifecycle_rule":[],"logging":[],"object_lock_configuration":[],"replication_configuration":[],"server_side_encryption_configuration":[],"tags_all":{},"versioning":[],"website":[]}},{"address":"aws_s3_bucket.public_bucket","mode":"managed","type":"aws_s3_bucket","name":"public_bucket","provider_name":"registry.terraform.io/hashicorp/aws","schema_version":0,"values":{"acl":"public-read","bucket":"my-public-bucket-example","force_destroy":false,"tags":null,"timeouts":null},"sensitive_values":{"cors_rule":[],"grant":[],"lifecycle_rule":[],"logging":[],"object_lock_configuration":[],"replication_configuration":[],"server_side_encryption_configuration":[],"tags_all":{},"versioning":[],"website":[]}}]}},"resource_changes":[{"address":"aws_ebs_volume.unencrypted","mode":"managed","type":"aws_ebs_volume","name":"unencrypted","provider_name":"registry.terraform.io/hashicorp/aws","change":{"actions":["create"],"before":null,"after":{"availability_zone":"us-east-1a","encrypted":false,"final_snapshot":false,"multi_attach_enabled":null,"outpost_arn":null,"size":8,"tags":null,"timeouts":null},"after_unknown":{"arn":true,"create_time":true,"id":true,"iops":true,"kms_key_id":true,"snapshot_id":true,"tags_all":true,"throughput":true,"type":true},"before_sensitive":false,"after_sensitive":{"tags_all":{}}}},{"address":"aws_iam_policy.wildcard_policy","mode":"managed","type":"aws_iam_policy","name":"wildcard_policy","provider_name":"registry.terraform.io/hashicorp/aws","change":{"actions":["create"],"before":null,"after":{"description":"Example IAM policy with wildcard","name":"my-wildcard-policy","path":"/","policy":"{\"Statement\":[{\"Action\":\"*\",\"Effect\":\"Allow\",\"Resource\":\"*\"}],\"Version\":\"2012-10-17\"}","tags":null},"after_unknown":{"arn":true,"attachment_count":true,"id":true,"name_prefix":true,"policy_id":true,"tags_all":true},"before_sensitive":false,"after_sensitive":{"tags_all":{}}}},{"address":"aws_s3_bucket.good_bucket","mode":"managed","type":"aws_s3_bucket","name":"good_bucket","provider_name":"registry.terraform.io/hashicorp/aws","change":{"actions":["create"],"before":null,"after":{"acl":"private","bucket":"my-good-bucket-example","force_destroy":false,"tags":null,"timeouts":null},"after_unknown":{"acceleration_status":true,"arn":true,"bucket_domain_name":true,"bucket_prefix":true,"bucket_regional_domain_name":true,"cors_rule":true,"grant":true,"hosted_zone_id":true,"id":true,"lifecycle_rule":true,"logging":true,"object_lock_configuration":true,"object_lock_enabled":true,"policy":true,"region":true,"replication_configuration":true,"request_payer":true,"server_side_encryption_configuration":true,"tags_all":true,"versioning":true,"website":true,"website_domain":true,"website_endpoint":true},"before_sensitive":false,"after_sensitive":{"cors_rule":[],"grant":[],"lifecycle_rule":[],"logging":[],"object_lock_configuration":[],"replication_configuration":[],"server_side_encryption_configuration":[],"tags_all":{},"versioning":[],"website":[]}}},{"address":"aws_s3_bucket.public_bucket","mode":"managed","type":"aws_s3_bucket","name":"public_bucket","provider_name":"registry.terraform.io/hashicorp/aws","change":{"actions":["create"],"before":null,"after":{"acl":"public-read","bucket":"my-public-bucket-example","force_destroy":false,"tags":null,"timeouts":null},"after_unknown":{"acceleration_status":true,"arn":true,"bucket_domain_name":true,"bucket_prefix":true,"bucket_regional_domain_name":true,"cors_rule":true,"grant":true,"hosted_zone_id":true,"id":true,"lifecycle_rule":true,"logging":true,"object_lock_configuration":true,"object_lock_enabled":true,"policy":true,"region":true,"replication_configuration":true,"request_payer":true,"server_side_encryption_configuration":true,"tags_all":true,"versioning":true,"website":true,"website_domain":true,"website_endpoint":true},"before_sensitive":false,"after_sensitive":{"cors_rule":[],"grant":[],"lifecycle_rule":[],"logging":[],"object_lock_configuration":[],"replication_configuration":[],"server_side_encryption_configuration":[],"tags_all":{},"versioning":[],"website":[]}}}],"configuration":{"provider_config":{"aws":{"name":"aws","full_name":"registry.terraform.io/hashicorp/aws","version_constraint":"~\u003e 5.0","expressions":{"region":{"references":["var.region"]}}}},"root_module":{"resources":[{"address":"aws_ebs_volume.unencrypted","mode":"managed","type":"aws_ebs_volume","name":"unencrypted","provider_config_key":"aws","expressions":{"availability_zone":{"references":["var.az"]},"encrypted":{"constant_value":false},"size":{"constant_value":8}},"schema_version":0},{"address":"aws_iam_policy.wildcard_policy","mode":"managed","type":"aws_iam_policy","name":"wildcard_policy","provider_config_key":"aws","expressions":{"description":{"constant_value":"Example IAM policy with wildcard"},"name":{"constant_value":"my-wildcard-policy"},"policy":{}},"schema_version":0},{"address":"aws_s3_bucket.good_bucket","mode":"managed","type":"aws_s3_bucket","name":"good_bucket","provider_config_key":"aws","expressions":{"acl":{"constant_value":"private"},"bucket":{"constant_value":"my-good-bucket-example"}},"schema_version":0},{"address":"aws_s3_bucket.public_bucket","mode":"managed","type":"aws_s3_bucket","name":"public_bucket","provider_config_key":"aws","expressions":{"acl":{"constant_value":"public-read"},"bucket":{"constant_value":"my-public-bucket-example"}},"schema_version":0}],"variables":{"az":{"default":"us-east-1a","description":"Availability Zone"},"region":{"default":"us-east-1","description":"AWS region"}}}},"timestamp":"2025-11-25T07:44:28Z","applyable":true,"complete":true,"errored":false}
